// !$*UTF8*$!
{
	archiveVersion = 1;
	classes = {
	};
	objectVersion = 50;
	objects = {

/* Begin PBXBuildFile section */
		1112B2F120C05410009A7DCA /* CoreDataStack.swift in Sources */ = {isa = PBXBuildFile; fileRef = 1112B2F020C05410009A7DCA /* CoreDataStack.swift */; };
		1112B2F420C05838009A7DCA /* Dog Walk.xcdatamodeld in Sources */ = {isa = PBXBuildFile; fileRef = 1112B2F220C05838009A7DCA /* Dog Walk.xcdatamodeld */; };
		1112B2F920C05AE8009A7DCA /* Walk+CoreDataClass.swift in Sources */ = {isa = PBXBuildFile; fileRef = 1112B2F520C05AE8009A7DCA /* Walk+CoreDataClass.swift */; };
		1112B2FA20C05AE8009A7DCA /* Walk+CoreDataProperties.swift in Sources */ = {isa = PBXBuildFile; fileRef = 1112B2F620C05AE8009A7DCA /* Walk+CoreDataProperties.swift */; };
		1112B2FB20C05AE8009A7DCA /* Dog+CoreDataClass.swift in Sources */ = {isa = PBXBuildFile; fileRef = 1112B2F720C05AE8009A7DCA /* Dog+CoreDataClass.swift */; };
		1112B2FC20C05AE8009A7DCA /* Dog+CoreDataProperties.swift in Sources */ = {isa = PBXBuildFile; fileRef = 1112B2F820C05AE8009A7DCA /* Dog+CoreDataProperties.swift */; };
		11A882F820C04042000039A2 /* AppDelegate.swift in Sources */ = {isa = PBXBuildFile; fileRef = 11A882F720C04042000039A2 /* AppDelegate.swift */; };
		11A882FA20C04042000039A2 /* ViewController.swift in Sources */ = {isa = PBXBuildFile; fileRef = 11A882F920C04042000039A2 /* ViewController.swift */; };
		11A882FD20C04042000039A2 /* Main.storyboard in Resources */ = {isa = PBXBuildFile; fileRef = 11A882FB20C04042000039A2 /* Main.storyboard */; };
		11A882FF20C04043000039A2 /* Assets.xcassets in Resources */ = {isa = PBXBuildFile; fileRef = 11A882FE20C04043000039A2 /* Assets.xcassets */; };
		11A8830220C04043000039A2 /* LaunchScreen.storyboard in Resources */ = {isa = PBXBuildFile; fileRef = 11A8830020C04043000039A2 /* LaunchScreen.storyboard */; };
/* End PBXBuildFile section */

/* Begin PBXFileReference section */
		1112B2F020C05410009A7DCA /* CoreDataStack.swift */ = {isa = PBXFileReference; lastKnownFileType = sourcecode.swift; path = CoreDataStack.swift; sourceTree = "<group>"; };
		1112B2F320C05838009A7DCA /* Dog Walk.xcdatamodel */ = {isa = PBXFileReference; lastKnownFileType = wrapper.xcdatamodel; path = "Dog Walk.xcdatamodel"; sourceTree = "<group>"; };
		1112B2F520C05AE8009A7DCA /* Walk+CoreDataClass.swift */ = {isa = PBXFileReference; lastKnownFileType = sourcecode.swift; path = "Walk+CoreDataClass.swift"; sourceTree = "<group>"; };
		1112B2F620C05AE8009A7DCA /* Walk+CoreDataProperties.swift */ = {isa = PBXFileReference; lastKnownFileType = sourcecode.swift; path = "Walk+CoreDataProperties.swift"; sourceTree = "<group>"; };
		1112B2F720C05AE8009A7DCA /* Dog+CoreDataClass.swift */ = {isa = PBXFileReference; lastKnownFileType = sourcecode.swift; path = "Dog+CoreDataClass.swift"; sourceTree = "<group>"; };
		1112B2F820C05AE8009A7DCA /* Dog+CoreDataProperties.swift */ = {isa = PBXFileReference; lastKnownFileType = sourcecode.swift; path = "Dog+CoreDataProperties.swift"; sourceTree = "<group>"; };
		11A882F420C04042000039A2 /* Dog Walk.app */ = {isa = PBXFileReference; explicitFileType = wrapper.application; includeInIndex = 0; path = "Dog Walk.app"; sourceTree = BUILT_PRODUCTS_DIR; };
		11A882F720C04042000039A2 /* AppDelegate.swift */ = {isa = PBXFileReference; lastKnownFileType = sourcecode.swift; path = AppDelegate.swift; sourceTree = "<group>"; };
		11A882F920C04042000039A2 /* ViewController.swift */ = {isa = PBXFileReference; lastKnownFileType = sourcecode.swift; path = ViewController.swift; sourceTree = "<group>"; };
		11A882FC20C04042000039A2 /* Base */ = {isa = PBXFileReference; lastKnownFileType = file.storyboard; name = Base; path = Base.lproj/Main.storyboard; sourceTree = "<group>"; };
		11A882FE20C04043000039A2 /* Assets.xcassets */ = {isa = PBXFileReference; lastKnownFileType = folder.assetcatalog; path = Assets.xcassets; sourceTree = "<group>"; };
		11A8830120C04043000039A2 /* Base */ = {isa = PBXFileReference; lastKnownFileType = file.storyboard; name = Base; path = Base.lproj/LaunchScreen.storyboard; sourceTree = "<group>"; };
		11A8830320C04043000039A2 /* Info.plist */ = {isa = PBXFileReference; lastKnownFileType = text.plist.xml; path = Info.plist; sourceTree = "<group>"; };
/* End PBXFileReference section */

/* Begin PBXFrameworksBuildPhase section */
		11A882F120C04042000039A2 /* Frameworks */ = {
			isa = PBXFrameworksBuildPhase;
			buildActionMask = 2147483647;
			files = (
			);
			runOnlyForDeploymentPostprocessing = 0;
		};
/* End PBXFrameworksBuildPhase section */

/* Begin PBXGroup section */
		1112B2EF20C04396009A7DCA /* Resources */ = {
			isa = PBXGroup;
			children = (
				11A882FE20C04043000039A2 /* Assets.xcassets */,
			);
			name = Resources;
			sourceTree = "<group>";
		};
		11A882EB20C04042000039A2 = {
			isa = PBXGroup;
			children = (
				11A882F620C04042000039A2 /* Dog Walk */,
				11A882F520C04042000039A2 /* Products */,
			);
			sourceTree = "<group>";
		};
		11A882F520C04042000039A2 /* Products */ = {
			isa = PBXGroup;
			children = (
				11A882F420C04042000039A2 /* Dog Walk.app */,
			);
			name = Products;
			sourceTree = "<group>";
		};
		11A882F620C04042000039A2 /* Dog Walk */ = {
			isa = PBXGroup;
			children = (
				11A882F720C04042000039A2 /* AppDelegate.swift */,
				11A8830B20C04347000039A2 /* Model */,
				11A8830A20C04343000039A2 /* View */,
				11A8830920C0433E000039A2 /* Controller */,
				1112B2EF20C04396009A7DCA /* Resources */,
				11A8830C20C04359000039A2 /* Supporting Files */,
			);
			path = "Dog Walk";
			sourceTree = "<group>";
		};
		11A8830920C0433E000039A2 /* Controller */ = {
			isa = PBXGroup;
			children = (
				11A882F920C04042000039A2 /* ViewController.swift */,
			);
			path = Controller;
			sourceTree = "<group>";
		};
		11A8830A20C04343000039A2 /* View */ = {
			isa = PBXGroup;
			children = (
				11A882FB20C04042000039A2 /* Main.storyboard */,
				11A8830020C04043000039A2 /* LaunchScreen.storyboard */,
			);
			path = View;
			sourceTree = "<group>";
		};
		11A8830B20C04347000039A2 /* Model */ = {
			isa = PBXGroup;
			children = (
				1112B2F020C05410009A7DCA /* CoreDataStack.swift */,
				1112B2F220C05838009A7DCA /* Dog Walk.xcdatamodeld */,
				1112B2F520C05AE8009A7DCA /* Walk+CoreDataClass.swift */,
				1112B2F620C05AE8009A7DCA /* Walk+CoreDataProperties.swift */,
				1112B2F720C05AE8009A7DCA /* Dog+CoreDataClass.swift */,
				1112B2F820C05AE8009A7DCA /* Dog+CoreDataProperties.swift */,
			);
			name = Model;
			path = "New Group";
			sourceTree = "<group>";
		};
		11A8830C20C04359000039A2 /* Supporting Files */ = {
			isa = PBXGroup;
			children = (
				11A8830320C04043000039A2 /* Info.plist */,
			);
			name = "Supporting Files";
			sourceTree = "<group>";
		};
/* End PBXGroup section */

/* Begin PBXNativeTarget section */
		11A882F320C04042000039A2 /* Dog Walk */ = {
			isa = PBXNativeTarget;
			buildConfigurationList = 11A8830620C04043000039A2 /* Build configuration list for PBXNativeTarget "Dog Walk" */;
			buildPhases = (
				11A882F020C04042000039A2 /* Sources */,
				11A882F120C04042000039A2 /* Frameworks */,
				11A882F220C04042000039A2 /* Resources */,
			);
			buildRules = (
			);
			dependencies = (
			);
			name = "Dog Walk";
			productName = "Dog Walk";
			productReference = 11A882F420C04042000039A2 /* Dog Walk.app */;
			productType = "com.apple.product-type.application";
		};
/* End PBXNativeTarget section */

/* Begin PBXProject section */
		11A882EC20C04042000039A2 /* Project object */ = {
			isa = PBXProject;
			attributes = {
				LastSwiftUpdateCheck = 0940;
				LastUpgradeCheck = 0940;
				ORGANIZATIONNAME = "Neil Hiddink";
				TargetAttributes = {
					11A882F320C04042000039A2 = {
						CreatedOnToolsVersion = 9.4;
					};
				};
			};
			buildConfigurationList = 11A882EF20C04042000039A2 /* Build configuration list for PBXProject "Dog Walk" */;
			compatibilityVersion = "Xcode 9.3";
			developmentRegion = en;
			hasScannedForEncodings = 0;
			knownRegions = (
				en,
				Base,
			);
			mainGroup = 11A882EB20C04042000039A2;
			productRefGroup = 11A882F520C04042000039A2 /* Products */;
			projectDirPath = "";
			projectRoot = "";
			targets = (
				11A882F320C04042000039A2 /* Dog Walk */,
			);
		};
/* End PBXProject section */

/* Begin PBXResourcesBuildPhase section */
		11A882F220C04042000039A2 /* Resources */ = {
			isa = PBXResourcesBuildPhase;
			buildActionMask = 2147483647;
			files = (
				11A8830220C04043000039A2 /* LaunchScreen.storyboard in Resources */,
				11A882FF20C04043000039A2 /* Assets.xcassets in Resources */,
				11A882FD20C04042000039A2 /* Main.storyboard in Resources */,
			);
			runOnlyForDeploymentPostprocessing = 0;
		};
/* End PBXResourcesBuildPhase section */

/* Begin PBXSourcesBuildPhase section */
		11A882F020C04042000039A2 /* Sources */ = {
			isa = PBXSourcesBuildPhase;
			buildActionMask = 2147483647;
			files = (
				1112B2F920C05AE8009A7DCA /* Walk+CoreDataClass.swift in Sources */,
				1112B2F120C05410009A7DCA /* CoreDataStack.swift in Sources */,
				11A882FA20C04042000039A2 /* ViewController.swift in Sources */,
				1112B2F420C05838009A7DCA /* Dog Walk.xcdatamodeld in Sources */,
				1112B2FC20C05AE8009A7DCA /* Dog+CoreDataProperties.swift in Sources */,
				1112B2FA20C05AE8009A7DCA /* Walk+CoreDataProperties.swift in Sources */,
				11A882F820C04042000039A2 /* AppDelegate.swift in Sources */,
				1112B2FB20C05AE8009A7DCA /* Dog+CoreDataClass.swift in Sources */,
			);
			runOnlyForDeploymentPostprocessing = 0;
		};
/* End PBXSourcesBuildPhase section */

/* Begin PBXVariantGroup section */
		11A882FB20C04042000039A2 /* Main.storyboard */ = {
			isa = PBXVariantGroup;
			children = (
				11A882FC20C04042000039A2 /* Base */,
			);
			name = Main.storyboard;
			sourceTree = "<group>";
		};
		11A8830020C04043000039A2 /* LaunchScreen.storyboard */ = {
			isa = PBXVariantGroup;
			children = (
				11A8830120C04043000039A2 /* Base */,
			);
			name = LaunchScreen.storyboard;
			sourceTree = "<group>";
		};
/* End PBXVariantGroup section */

/* Begin XCBuildConfiguration section */
		11A8830420C04043000039A2 /* Debug */ = {
			isa = XCBuildConfiguration;
			buildSettings = {
				ALWAYS_SEARCH_USER_PATHS = NO;
				CLANG_ANALYZER_NONNULL = YES;
				CLANG_ANALYZER_NUMBER_OBJECT_CONVERSION = YES_AGGRESSIVE;
				CLANG_CXX_LANGUAGE_STANDARD = "gnu++14";
				CLANG_CXX_LIBRARY = "libc++";
				CLANG_ENABLE_MODULES = YES;
				CLANG_ENABLE_OBJC_ARC = YES;
				CLANG_ENABLE_OBJC_WEAK = YES;
				CLANG_WARN_BLOCK_CAPTURE_AUTORELEASING = YES;
				CLANG_WARN_BOOL_CONVERSION = YES;
				CLANG_WARN_COMMA = YES;
				CLANG_WARN_CONSTANT_CONVERSION = YES;
				CLANG_WARN_DEPRECATED_OBJC_IMPLEMENTATIONS = YES;
				CLANG_WARN_DIRECT_OBJC_ISA_USAGE = YES_ERROR;
				CLANG_WARN_DOCUMENTATION_COMMENTS = YES;
				CLANG_WARN_EMPTY_BODY = YES;
				CLANG_WARN_ENUM_CONVERSION = YES;
				CLANG_WARN_INFINITE_RECURSION = YES;
				CLANG_WARN_INT_CONVERSION = YES;
				CLANG_WARN_NON_LITERAL_NULL_CONVERSION = YES;
				CLANG_WARN_OBJC_IMPLICIT_RETAIN_SELF = YES;
				CLANG_WARN_OBJC_LITERAL_CONVERSION = YES;
				CLANG_WARN_OBJC_ROOT_CLASS = YES_ERROR;
				CLANG_WARN_RANGE_LOOP_ANALYSIS = YES;
				CLANG_WARN_STRICT_PROTOTYPES = YES;
				CLANG_WARN_SUSPICIOUS_MOVE = YES;
				CLANG_WARN_UNGUARDED_AVAILABILITY = YES_AGGRESSIVE;
				CLANG_WARN_UNREACHABLE_CODE = YES;
				CLANG_WARN__DUPLICATE_METHOD_MATCH = YES;
				CODE_SIGN_IDENTITY = "iPhone Developer";
				COPY_PHASE_STRIP = NO;
				DEBUG_INFORMATION_FORMAT = dwarf;
				ENABLE_STRICT_OBJC_MSGSEND = YES;
				ENABLE_TESTABILITY = YES;
				GCC_C_LANGUAGE_STANDARD = gnu11;
				GCC_DYNAMIC_NO_PIC = NO;
				GCC_NO_COMMON_BLOCKS = YES;
				GCC_OPTIMIZATION_LEVEL = 0;
				GCC_PREPROCESSOR_DEFINITIONS = (
					"DEBUG=1",
					"$(inherited)",
				);
				GCC_WARN_64_TO_32_BIT_CONVERSION = YES;
				GCC_WARN_ABOUT_RETURN_TYPE = YES_ERROR;
				GCC_WARN_UNDECLARED_SELECTOR = YES;
				GCC_WARN_UNINITIALIZED_AUTOS = YES_AGGRESSIVE;
				GCC_WARN_UNUSED_FUNCTION = YES;
				GCC_WARN_UNUSED_VARIABLE = YES;
				IPHONEOS_DEPLOYMENT_TARGET = 11.4;
				MTL_ENABLE_DEBUG_INFO = YES;
				ONLY_ACTIVE_ARCH = YES;
				SDKROOT = iphoneos;
				SWIFT_ACTIVE_COMPILATION_CONDITIONS = DEBUG;
				SWIFT_OPTIMIZATION_LEVEL = "-Onone";
			};
			name = Debug;
		};
		11A8830520C04043000039A2 /* Release */ = {
			isa = XCBuildConfiguration;
			buildSettings = {
				ALWAYS_SEARCH_USER_PATHS = NO;
				CLANG_ANALYZER_NONNULL = YES;
				CLANG_ANALYZER_NUMBER_OBJECT_CONVERSION = YES_AGGRESSIVE;
				CLANG_CXX_LANGUAGE_STANDARD = "gnu++14";
				CLANG_CXX_LIBRARY = "libc++";
				CLANG_ENABLE_MODULES = YES;
				CLANG_ENABLE_OBJC_ARC = YES;
				CLANG_ENABLE_OBJC_WEAK = YES;
				CLANG_WARN_BLOCK_CAPTURE_AUTORELEASING = YES;
				CLANG_WARN_BOOL_CONVERSION = YES;
				CLANG_WARN_COMMA = YES;
				CLANG_WARN_CONSTANT_CONVERSION = YES;
				CLANG_WARN_DEPRECATED_OBJC_IMPLEMENTATIONS = YES;
				CLANG_WARN_DIRECT_OBJC_ISA_USAGE = YES_ERROR;
				CLANG_WARN_DOCUMENTATION_COMMENTS = YES;
				CLANG_WARN_EMPTY_BODY = YES;
				CLANG_WARN_ENUM_CONVERSION = YES;
				CLANG_WARN_INFINITE_RECURSION = YES;
				CLANG_WARN_INT_CONVERSION = YES;
				CLANG_WARN_NON_LITERAL_NULL_CONVERSION = YES;
				CLANG_WARN_OBJC_IMPLICIT_RETAIN_SELF = YES;
				CLANG_WARN_OBJC_LITERAL_CONVERSION = YES;
				CLANG_WARN_OBJC_ROOT_CLASS = YES_ERROR;
				CLANG_WARN_RANGE_LOOP_ANALYSIS = YES;
				CLANG_WARN_STRICT_PROTOTYPES = YES;
				CLANG_WARN_SUSPICIOUS_MOVE = YES;
				CLANG_WARN_UNGUARDED_AVAILABILITY = YES_AGGRESSIVE;
				CLANG_WARN_UNREACHABLE_CODE = YES;
				CLANG_WARN__DUPLICATE_METHOD_MATCH = YES;
				CODE_SIGN_IDENTITY = "iPhone Developer";
				COPY_PHASE_STRIP = NO;
				DEBUG_INFORMATION_FORMAT = "dwarf-with-dsym";
				ENABLE_NS_ASSERTIONS = NO;
				ENABLE_STRICT_OBJC_MSGSEND = YES;
				GCC_C_LANGUAGE_STANDARD = gnu11;
				GCC_NO_COMMON_BLOCKS = YES;
				GCC_WARN_64_TO_32_BIT_CONVERSION = YES;
				GCC_WARN_ABOUT_RETURN_TYPE = YES_ERROR;
				GCC_WARN_UNDECLARED_SELECTOR = YES;
				GCC_WARN_UNINITIALIZED_AUTOS = YES_AGGRESSIVE;
				GCC_WARN_UNUSED_FUNCTION = YES;
				GCC_WARN_UNUSED_VARIABLE = YES;
				IPHONEOS_DEPLOYMENT_TARGET = 11.4;
				MTL_ENABLE_DEBUG_INFO = NO;
				SDKROOT = iphoneos;
				SWIFT_COMPILATION_MODE = wholemodule;
				SWIFT_OPTIMIZATION_LEVEL = "-O";
				VALIDATE_PRODUCT = YES;
			};
			name = Release;
		};
		11A8830720C04043000039A2 /* Debug */ = {
			isa = XCBuildConfiguration;
			buildSettings = {
				ASSETCATALOG_COMPILER_APPICON_NAME = AppIcon;
				CODE_SIGN_STYLE = Automatic;
				DEVELOPMENT_TEAM = 7G4UHWJ29G;
				INFOPLIST_FILE = "Dog Walk/Info.plist";
				LD_RUNPATH_SEARCH_PATHS = (
					"$(inherited)",
					"@executable_path/Frameworks",
				);
				PRODUCT_BUNDLE_IDENTIFIER = "com.Neil-Hiddink.Dog-Walk";
				PRODUCT_NAME = "$(TARGET_NAME)";
				SWIFT_VERSION = 4.0;
				TARGETED_DEVICE_FAMILY = "1,2";
			};
			name = Debug;
		};
		11A8830820C04043000039A2 /* Release */ = {
			isa = XCBuildConfiguration;
			buildSettings = {
				ASSETCATALOG_COMPILER_APPICON_NAME = AppIcon;
				CODE_SIGN_STYLE = Automatic;
				DEVELOPMENT_TEAM = 7G4UHWJ29G;
				INFOPLIST_FILE = "Dog Walk/Info.plist";
				LD_RUNPATH_SEARCH_PATHS = (
					"$(inherited)",
					"@executable_path/Frameworks",
				);
				PRODUCT_BUNDLE_IDENTIFIER = "com.Neil-Hiddink.Dog-Walk";
				PRODUCT_NAME = "$(TARGET_NAME)";
				SWIFT_VERSION = 4.0;
				TARGETED_DEVICE_FAMILY = "1,2";
			};
			name = Release;
		};
/* End XCBuildConfiguration section */

/* Begin XCConfigurationList section */
		11A882EF20C04042000039A2 /* Build configuration list for PBXProject "Dog Walk" */ = {
			isa = XCConfigurationList;
			buildConfigurations = (
				11A8830420C04043000039A2 /* Debug */,
				11A8830520C04043000039A2 /* Release */,
			);
			defaultConfigurationIsVisible = 0;
			defaultConfigurationName = Release;
		};
		11A8830620C04043000039A2 /* Build configuration list for PBXNativeTarget "Dog Walk" */ = {
			isa = XCConfigurationList;
			buildConfigurations = (
				11A8830720C04043000039A2 /* Debug */,
				11A8830820C04043000039A2 /* Release */,
			);
			defaultConfigurationIsVisible = 0;
			defaultConfigurationName = Release;
		};
/* End XCConfigurationList section */

/* Begin XCVersionGroup section */
		1112B2F220C05838009A7DCA /* Dog Walk.xcdatamodeld */ = {
			isa = XCVersionGroup;
			children = (
				1112B2F320C05838009A7DCA /* Dog Walk.xcdatamodel */,
			);
			currentVersion = 1112B2F320C05838009A7DCA /* Dog Walk.xcdatamodel */;
			path = "Dog Walk.xcdatamodeld";
			sourceTree = "<group>";
			versionGroupType = wrapper.xcdatamodel;
		};
/* End XCVersionGroup section */
	};
	rootObject = 11A882EC20C04042000039A2 /* Project object */;
}
